{
  "version": 4,
  "terraform_version": "0.13.4",
  "serial": 49,
  "lineage": "6027f718-6590-2cfc-b550-22da9d7abebc",
  "outputs": {},
  "resources": [
    {
      "mode": "data",
      "type": "nsxt_policy_edge_cluster",
      "name": "edge_cluster",
      "provider": "provider[\"registry.terraform.io/vmware/nsxt\"]",
      "instances": [
        {
          "schema_version": 0,
          "attributes": {
            "description": "",
            "display_name": "EdgeCluster2",
            "id": "7b8dace4-1344-4d14-8f80-280bd0510b14",
            "path": "/infra/sites/default/enforcement-points/default/edge-clusters/7b8dace4-1344-4d14-8f80-280bd0510b14",
            "site_path": null
          }
        }
      ]
    },
    {
      "mode": "data",
      "type": "nsxt_policy_edge_node",
      "name": "en1",
      "provider": "provider[\"registry.terraform.io/vmware/nsxt\"]",
      "instances": [
        {
          "schema_version": 0,
          "attributes": {
            "description": "",
            "display_name": "nsxedge-03a",
            "edge_cluster_path": "/infra/sites/default/enforcement-points/default/edge-clusters/7b8dace4-1344-4d14-8f80-280bd0510b14",
            "id": "0",
            "member_index": 0,
            "path": "/infra/sites/default/enforcement-points/default/edge-clusters/7b8dace4-1344-4d14-8f80-280bd0510b14/edge-nodes/0"
          }
        }
      ]
    },
    {
      "mode": "data",
      "type": "nsxt_policy_transport_zone",
      "name": "overlay_tz",
      "provider": "provider[\"registry.terraform.io/vmware/nsxt\"]",
      "instances": [
        {
          "schema_version": 0,
          "attributes": {
            "description": "API created default transportzone for nested nsx",
            "display_name": "nsx-overlay-transportzone",
            "id": "04e58cee-f5f1-4b26-81ae-e894db536a3f",
            "is_default": true,
            "path": "/infra/sites/default/enforcement-points/default/transport-zones/04e58cee-f5f1-4b26-81ae-e894db536a3f",
            "site_path": null,
            "transport_type": "OVERLAY_STANDARD"
          }
        }
      ]
    },
    {
      "mode": "data",
      "type": "nsxt_policy_transport_zone",
      "name": "tz_vlan_105",
      "provider": "provider[\"registry.terraform.io/vmware/nsxt\"]",
      "instances": [
        {
          "schema_version": 0,
          "attributes": {
            "description": "VLAN 105 Uplink",
            "display_name": "TZ_VLAN_105",
            "id": "ab7430f1-0108-4e25-980b-9b81560bd62c",
            "is_default": false,
            "path": "/infra/sites/default/enforcement-points/default/transport-zones/ab7430f1-0108-4e25-980b-9b81560bd62c",
            "site_path": null,
            "transport_type": "VLAN_BACKED"
          }
        }
      ]
    },
    {
      "mode": "data",
      "type": "nsxt_policy_transport_zone",
      "name": "tz_vlan_106",
      "provider": "provider[\"registry.terraform.io/vmware/nsxt\"]",
      "instances": [
        {
          "schema_version": 0,
          "attributes": {
            "description": "VLAN 106 Uplink",
            "display_name": "TZ_VLAN_106",
            "id": "05e8d6db-611c-47fa-84cf-f4f988b13ab6",
            "is_default": false,
            "path": "/infra/sites/default/enforcement-points/default/transport-zones/05e8d6db-611c-47fa-84cf-f4f988b13ab6",
            "site_path": null,
            "transport_type": "VLAN_BACKED"
          }
        }
      ]
    },
    {
      "mode": "managed",
      "type": "nsxt_policy_bgp_neighbor",
      "name": "infra-t0-neigh-105-1",
      "provider": "provider[\"registry.terraform.io/vmware/nsxt\"]",
      "instances": [
        {
          "schema_version": 0,
          "attributes": {
            "allow_as_in": false,
            "bfd_config": [
              {
                "enabled": false,
                "interval": 500,
                "multiple": 3
              }
            ],
            "bgp_path": "/infra/tier-0s/65bc7ea5-4a11-417a-8ac2-50791ec08e5d/locale-services/default/bgp",
            "description": "Tier0 neighbours created using Terraform",
            "display_name": "Infra-Tier-neighbors",
            "graceful_restart_mode": "HELPER_ONLY",
            "hold_down_time": 180,
            "id": "b2391588-4b98-4ad1-b449-660c8c2c3299",
            "keep_alive_time": 60,
            "maximum_hop_limit": 1,
            "neighbor_address": "192.168.105.11",
            "nsx_id": "b2391588-4b98-4ad1-b449-660c8c2c3299",
            "password": null,
            "path": "/infra/tier-0s/65bc7ea5-4a11-417a-8ac2-50791ec08e5d/locale-services/default/bgp/neighbors/b2391588-4b98-4ad1-b449-660c8c2c3299",
            "remote_as_num": "250",
            "revision": 9,
            "route_filtering": [
              {
                "address_family": "IPV4",
                "enabled": true,
                "in_route_filter": "",
                "maximum_routes": 0,
                "out_route_filter": ""
              }
            ],
            "source_addresses": [],
            "tag": []
          },
          "private": "bnVsbA==",
          "dependencies": [
            "nsxt_policy_tier0_gateway.Infra_Tier0"
          ]
        }
      ]
    },
    {
      "mode": "managed",
      "type": "nsxt_policy_bgp_neighbor",
      "name": "infra-t0-neigh-106-1",
      "provider": "provider[\"registry.terraform.io/vmware/nsxt\"]",
      "instances": [
        {
          "schema_version": 0,
          "attributes": {
            "allow_as_in": false,
            "bfd_config": [],
            "bgp_path": "/infra/tier-0s/65bc7ea5-4a11-417a-8ac2-50791ec08e5d/locale-services/default/bgp",
            "description": "Tier0 neighbours created using Terraform",
            "display_name": "Infra-Tier-neighbors",
            "graceful_restart_mode": "HELPER_ONLY",
            "hold_down_time": 180,
            "id": "b487c0b2-5aeb-481e-80c2-97b8cc28e024",
            "keep_alive_time": 60,
            "maximum_hop_limit": 1,
            "neighbor_address": "192.168.106.11",
            "nsx_id": "b487c0b2-5aeb-481e-80c2-97b8cc28e024",
            "password": null,
            "path": "/infra/tier-0s/65bc7ea5-4a11-417a-8ac2-50791ec08e5d/locale-services/default/bgp/neighbors/b487c0b2-5aeb-481e-80c2-97b8cc28e024",
            "remote_as_num": "250",
            "revision": 0,
            "route_filtering": [
              {
                "address_family": "IPV4",
                "enabled": true,
                "in_route_filter": "",
                "maximum_routes": 0,
                "out_route_filter": ""
              }
            ],
            "source_addresses": [],
            "tag": []
          },
          "private": "bnVsbA==",
          "dependencies": [
            "nsxt_policy_tier0_gateway.Infra_Tier0"
          ]
        }
      ]
    },
    {
      "mode": "managed",
      "type": "nsxt_policy_segment",
      "name": "logical-segments",
      "provider": "provider[\"registry.terraform.io/vmware/nsxt\"]",
      "instances": [
        {
          "index_key": "app",
          "schema_version": 0,
          "attributes": {
            "advanced_config": [],
            "connectivity_path": "/infra/tier-1s/2d6db8f7-332c-42ce-8fb5-a18fa840a1b4",
            "description": "Segment created using Terrform",
            "dhcp_config_path": "",
            "discovery_profile": [],
            "display_name": "app",
            "domain_name": "",
            "id": "f82b4e71-223b-46ae-83d9-dd5cc191509e",
            "l2_extension": [],
            "nsx_id": "f82b4e71-223b-46ae-83d9-dd5cc191509e",
            "overlay_id": 0,
            "path": "/infra/segments/f82b4e71-223b-46ae-83d9-dd5cc191509e",
            "qos_profile": [],
            "revision": 0,
            "security_profile": [],
            "subnet": [
              {
                "cidr": "172.16.211.1/24",
                "dhcp_ranges": null,
                "dhcp_v4_config": [],
                "dhcp_v6_config": [],
                "network": "172.16.211.0/24"
              }
            ],
            "tag": [],
            "transport_zone_path": "/infra/sites/default/enforcement-points/default/transport-zones/04e58cee-f5f1-4b26-81ae-e894db536a3f",
            "vlan_ids": null
          },
          "private": "bnVsbA==",
          "dependencies": [
            "data.nsxt_policy_transport_zone.overlay_tz",
            "nsxt_policy_tier1_gateway.dev_tier1"
          ]
        },
        {
          "index_key": "db",
          "schema_version": 0,
          "attributes": {
            "advanced_config": [],
            "connectivity_path": "/infra/tier-1s/2d6db8f7-332c-42ce-8fb5-a18fa840a1b4",
            "description": "Segment created using Terrform",
            "dhcp_config_path": "",
            "discovery_profile": [],
            "display_name": "db",
            "domain_name": "",
            "id": "96107d63-6ba3-46b2-9b3b-fc8df7a30eda",
            "l2_extension": [],
            "nsx_id": "96107d63-6ba3-46b2-9b3b-fc8df7a30eda",
            "overlay_id": 0,
            "path": "/infra/segments/96107d63-6ba3-46b2-9b3b-fc8df7a30eda",
            "qos_profile": [],
            "revision": 0,
            "security_profile": [],
            "subnet": [
              {
                "cidr": "172.16.212.1/24",
                "dhcp_ranges": null,
                "dhcp_v4_config": [],
                "dhcp_v6_config": [],
                "network": "172.16.212.0/24"
              }
            ],
            "tag": [],
            "transport_zone_path": "/infra/sites/default/enforcement-points/default/transport-zones/04e58cee-f5f1-4b26-81ae-e894db536a3f",
            "vlan_ids": null
          },
          "private": "bnVsbA==",
          "dependencies": [
            "data.nsxt_policy_transport_zone.overlay_tz",
            "nsxt_policy_tier1_gateway.dev_tier1"
          ]
        },
        {
          "index_key": "web",
          "schema_version": 0,
          "attributes": {
            "advanced_config": [],
            "connectivity_path": "/infra/tier-1s/2d6db8f7-332c-42ce-8fb5-a18fa840a1b4",
            "description": "Segment created using Terrform",
            "dhcp_config_path": "",
            "discovery_profile": [],
            "display_name": "web",
            "domain_name": "",
            "id": "d81d935d-4f58-4c53-9177-856bfd2dccb7",
            "l2_extension": [],
            "nsx_id": "d81d935d-4f58-4c53-9177-856bfd2dccb7",
            "overlay_id": 0,
            "path": "/infra/segments/d81d935d-4f58-4c53-9177-856bfd2dccb7",
            "qos_profile": [],
            "revision": 0,
            "security_profile": [],
            "subnet": [
              {
                "cidr": "172.16.210.1/24",
                "dhcp_ranges": null,
                "dhcp_v4_config": [],
                "dhcp_v6_config": [],
                "network": "172.16.210.0/24"
              }
            ],
            "tag": [],
            "transport_zone_path": "/infra/sites/default/enforcement-points/default/transport-zones/04e58cee-f5f1-4b26-81ae-e894db536a3f",
            "vlan_ids": null
          },
          "private": "bnVsbA==",
          "dependencies": [
            "data.nsxt_policy_transport_zone.overlay_tz",
            "nsxt_policy_tier1_gateway.dev_tier1"
          ]
        }
      ]
    },
    {
      "mode": "managed",
      "type": "nsxt_policy_tier0_gateway",
      "name": "Infra_Tier0",
      "provider": "provider[\"registry.terraform.io/vmware/nsxt\"]",
      "instances": [
        {
          "schema_version": 0,
          "attributes": {
            "bgp_config": [
              {
                "ecmp": true,
                "enabled": true,
                "graceful_restart_mode": "HELPER_ONLY",
                "graceful_restart_stale_route_timer": 600,
                "graceful_restart_timer": 180,
                "inter_sr_ibgp": false,
                "local_as_num": "100",
                "multipath_relax": false,
                "path": "/infra/tier-0s/65bc7ea5-4a11-417a-8ac2-50791ec08e5d/locale-services/default/bgp",
                "revision": 1,
                "route_aggregation": [],
                "tag": []
              }
            ],
            "default_rule_logging": false,
            "description": "Tier0 created using Terraform",
            "dhcp_config_path": null,
            "display_name": "Infra_Tier0",
            "edge_cluster_path": "/infra/sites/default/enforcement-points/default/edge-clusters/7b8dace4-1344-4d14-8f80-280bd0510b14",
            "enable_firewall": true,
            "failover_mode": "NON_PREEMPTIVE",
            "force_whitelisting": false,
            "ha_mode": "ACTIVE_ACTIVE",
            "id": "65bc7ea5-4a11-417a-8ac2-50791ec08e5d",
            "internal_transit_subnets": [
              "169.254.0.0/24"
            ],
            "intersite_config": [],
            "ipv6_dad_profile_path": "/infra/ipv6-dad-profiles/default",
            "ipv6_ndra_profile_path": "/infra/ipv6-ndra-profiles/default",
            "locale_service": [],
            "nsx_id": "65bc7ea5-4a11-417a-8ac2-50791ec08e5d",
            "path": "/infra/tier-0s/65bc7ea5-4a11-417a-8ac2-50791ec08e5d",
            "rd_admin_address": "",
            "redistribution_config": [
              {
                "enabled": true,
                "rule": [
                  {
                    "name": "infra_t0_rr",
                    "route_map_path": "",
                    "types": [
                      "TIER1_CONNECTED",
                      "TIER1_SEGMENT"
                    ]
                  }
                ]
              }
            ],
            "revision": 0,
            "tag": [],
            "transit_subnets": [
              "100.64.0.0/16"
            ],
            "vrf_config": []
          },
          "private": "bnVsbA==",
          "dependencies": [
            "data.nsxt_policy_edge_cluster.edge_cluster"
          ]
        }
      ]
    },
    {
      "mode": "managed",
      "type": "nsxt_policy_tier0_gateway_interface",
      "name": "uplink1-vlan105",
      "provider": "provider[\"registry.terraform.io/vmware/nsxt\"]",
      "instances": [
        {
          "schema_version": 0,
          "attributes": {
            "access_vlan_id": null,
            "description": "",
            "display_name": "uplink1-vlan105",
            "edge_node_path": "/infra/sites/default/enforcement-points/default/edge-clusters/7b8dace4-1344-4d14-8f80-280bd0510b14/edge-nodes/0",
            "enable_pim": false,
            "gateway_path": "/infra/tier-0s/65bc7ea5-4a11-417a-8ac2-50791ec08e5d",
            "id": "c3a40012-f949-44af-9c58-7f5a928e8f78",
            "ip_addresses": [
              "192.168.105.3"
            ],
            "ipv6_ndra_profile_path": null,
            "locale_service_id": "default",
            "mtu": null,
            "nsx_id": "c3a40012-f949-44af-9c58-7f5a928e8f78",
            "path": "/infra/tier-0s/65bc7ea5-4a11-417a-8ac2-50791ec08e5d/locale-services/default/interfaces/c3a40012-f949-44af-9c58-7f5a928e8f78",
            "revision": 0,
            "segment_path": "/infra/segments/8038e2cd-029f-41fe-94f9-5725bbb5fe2e",
            "site_path": null,
            "subnets": [
              "192.168.105.3/24"
            ],
            "tag": [],
            "type": "EXTERNAL",
            "urpf_mode": "STRICT"
          },
          "private": "bnVsbA==",
          "dependencies": [
            "data.nsxt_policy_edge_node.en1",
            "data.nsxt_policy_transport_zone.tz_vlan_105",
            "nsxt_policy_tier0_gateway.Infra_Tier0",
            "nsxt_policy_vlan_segment.seg-vlan105-uplink1"
          ]
        }
      ]
    },
    {
      "mode": "managed",
      "type": "nsxt_policy_tier0_gateway_interface",
      "name": "uplink1-vlan106",
      "provider": "provider[\"registry.terraform.io/vmware/nsxt\"]",
      "instances": [
        {
          "schema_version": 0,
          "attributes": {
            "access_vlan_id": null,
            "description": "",
            "display_name": "uplink1-vlan106",
            "edge_node_path": "/infra/sites/default/enforcement-points/default/edge-clusters/7b8dace4-1344-4d14-8f80-280bd0510b14/edge-nodes/0",
            "enable_pim": false,
            "gateway_path": "/infra/tier-0s/65bc7ea5-4a11-417a-8ac2-50791ec08e5d",
            "id": "274ecb75-05d6-46ef-bc41-2ff4f3ec0716",
            "ip_addresses": [
              "192.168.106.3"
            ],
            "ipv6_ndra_profile_path": null,
            "locale_service_id": "default",
            "mtu": null,
            "nsx_id": "274ecb75-05d6-46ef-bc41-2ff4f3ec0716",
            "path": "/infra/tier-0s/65bc7ea5-4a11-417a-8ac2-50791ec08e5d/locale-services/default/interfaces/274ecb75-05d6-46ef-bc41-2ff4f3ec0716",
            "revision": 0,
            "segment_path": "/infra/segments/abf09e91-3c1c-4818-a5be-344da4586c9a",
            "site_path": null,
            "subnets": [
              "192.168.106.3/24"
            ],
            "tag": [],
            "type": "EXTERNAL",
            "urpf_mode": "STRICT"
          },
          "private": "bnVsbA==",
          "dependencies": [
            "data.nsxt_policy_edge_node.en1",
            "data.nsxt_policy_transport_zone.tz_vlan_106",
            "nsxt_policy_tier0_gateway.Infra_Tier0",
            "nsxt_policy_vlan_segment.seg-vlan106-uplink1"
          ]
        }
      ]
    },
    {
      "mode": "managed",
      "type": "nsxt_policy_tier1_gateway",
      "name": "dev_tier1",
      "provider": "provider[\"registry.terraform.io/vmware/nsxt\"]",
      "instances": [
        {
          "schema_version": 0,
          "attributes": {
            "default_rule_logging": false,
            "description": "Dev Tier1 created using Terraform",
            "dhcp_config_path": null,
            "display_name": "Dev_Tier1",
            "edge_cluster_path": "/infra/sites/default/enforcement-points/default/edge-clusters/7b8dace4-1344-4d14-8f80-280bd0510b14",
            "egress_qos_profile_path": null,
            "enable_firewall": true,
            "enable_standby_relocation": false,
            "failover_mode": "PREEMPTIVE",
            "force_whitelisting": false,
            "id": "2d6db8f7-332c-42ce-8fb5-a18fa840a1b4",
            "ingress_qos_profile_path": null,
            "intersite_config": [],
            "ipv6_dad_profile_path": "/infra/ipv6-dad-profiles/default",
            "ipv6_ndra_profile_path": "/infra/ipv6-ndra-profiles/default",
            "locale_service": [],
            "nsx_id": "2d6db8f7-332c-42ce-8fb5-a18fa840a1b4",
            "path": "/infra/tier-1s/2d6db8f7-332c-42ce-8fb5-a18fa840a1b4",
            "pool_allocation": "ROUTING",
            "revision": 0,
            "route_advertisement_rule": [],
            "route_advertisement_types": [
              "TIER1_CONNECTED"
            ],
            "tag": [],
            "tier0_path": "/infra/tier-0s/65bc7ea5-4a11-417a-8ac2-50791ec08e5d"
          },
          "private": "bnVsbA==",
          "dependencies": [
            "data.nsxt_policy_edge_cluster.edge_cluster",
            "nsxt_policy_tier0_gateway.Infra_Tier0"
          ]
        }
      ]
    },
    {
      "mode": "managed",
      "type": "nsxt_policy_vlan_segment",
      "name": "seg-vlan105-uplink1",
      "provider": "provider[\"registry.terraform.io/vmware/nsxt\"]",
      "instances": [
        {
          "schema_version": 0,
          "attributes": {
            "advanced_config": [],
            "description": "VLAN segment created using Terrform",
            "dhcp_config_path": "",
            "discovery_profile": [],
            "display_name": "seg-vlan105-uplink1",
            "domain_name": "",
            "id": "8038e2cd-029f-41fe-94f9-5725bbb5fe2e",
            "l2_extension": [],
            "nsx_id": "8038e2cd-029f-41fe-94f9-5725bbb5fe2e",
            "path": "/infra/segments/8038e2cd-029f-41fe-94f9-5725bbb5fe2e",
            "qos_profile": [],
            "revision": 0,
            "security_profile": [],
            "subnet": [],
            "tag": [],
            "transport_zone_path": "/infra/sites/default/enforcement-points/default/transport-zones/ab7430f1-0108-4e25-980b-9b81560bd62c",
            "vlan_ids": [
              "0"
            ]
          },
          "private": "bnVsbA==",
          "dependencies": [
            "data.nsxt_policy_transport_zone.tz_vlan_105"
          ]
        }
      ]
    },
    {
      "mode": "managed",
      "type": "nsxt_policy_vlan_segment",
      "name": "seg-vlan106-uplink1",
      "provider": "provider[\"registry.terraform.io/vmware/nsxt\"]",
      "instances": [
        {
          "schema_version": 0,
          "attributes": {
            "advanced_config": [],
            "description": "VLAN segment created using Terrform",
            "dhcp_config_path": "",
            "discovery_profile": [],
            "display_name": "seg-vlan106-uplink1",
            "domain_name": "",
            "id": "abf09e91-3c1c-4818-a5be-344da4586c9a",
            "l2_extension": [],
            "nsx_id": "abf09e91-3c1c-4818-a5be-344da4586c9a",
            "path": "/infra/segments/abf09e91-3c1c-4818-a5be-344da4586c9a",
            "qos_profile": [],
            "revision": 0,
            "security_profile": [],
            "subnet": [],
            "tag": [],
            "transport_zone_path": "/infra/sites/default/enforcement-points/default/transport-zones/05e8d6db-611c-47fa-84cf-f4f988b13ab6",
            "vlan_ids": [
              "0"
            ]
          },
          "private": "bnVsbA==",
          "dependencies": [
            "data.nsxt_policy_transport_zone.tz_vlan_106"
          ]
        }
      ]
    }
  ]
}
